
Microsoft Visual Studio Solution File, Format Version 12.00
# Visual Studio 15
Project("{FAE04EC0-301F-11D3-BF4B-00C04F79EFBC}") = "Assembly-CSharp", "Assembly-CSharp.csproj", "{1B9B6BA8-1EA3-78DA-ECF0-C0A32DA71DDB}"
EndProject
Global
	GlobalSection(SolutionConfigurationPlatforms) = preSolution
		Debug|Any CPU = Debug|Any CPU
		Release|Any CPU = Release|Any CPU
	EndGlobalSection
	GlobalSection(ProjectConfigurationPlatforms) = postSolution
		{1B9B6BA8-1EA3-78DA-ECF0-C0A32DA71DDB}.Debug|Any CPU.ActiveCfg = Debug|Any CPU
		{1B9B6BA8-1EA3-78DA-ECF0-C0A32DA71DDB}.Debug|Any CPU.Build.0 = Debug|Any CPU
		{1B9B6BA8-1EA3-78DA-ECF0-C0A32DA71DDB}.Release|Any CPU.ActiveCfg = Release|Any CPU
		{1B9B6BA8-1EA3-78DA-ECF0-C0A32DA71DDB}.Release|Any CPU.Build.0 = Release|Any CPU
	EndGlobalSection
	GlobalSection(SolutionProperties) = preSolution
		HideSolutionNode = FALSE
	EndGlobalSection
EndGlobal
